
Microsoft Visual Studio Solution File, Format Version 12.00
# Visual Studio Version 16
VisualStudioVersion = 16.0.30204.135
MinimumVisualStudioVersion = 10.0.40219.1
Project("{9A19103F-16F7-4668-BE54-9A1E7A4F7556}") = "ApplicationCore", "ApplicationCore\ApplicationCore.csproj", "{1834BBE7-FF59-4150-8F74-3F6FED04FDF0}"
EndProject
Project("{9A19103F-16F7-4668-BE54-9A1E7A4F7556}") = "DomainModels", "DomainModels\DomainModels.csproj", "{6D8ADE41-9507-40DD-ADB1-A0E3659153DA}"
EndProject
Project("{9A19103F-16F7-4668-BE54-9A1E7A4F7556}") = "API", "API\API.csproj", "{14228536-F7E5-4096-A6EB-003535FC3F1B}"
EndProject
Project("{FAE04EC0-301F-11D3-BF4B-00C04F79EFBC}") = "Repository", "Repository\Repository.csproj", "{B8BD36E2-3147-4D1E-97A7-E3842E807A9F}"
EndProject
Global
	GlobalSection(SolutionConfigurationPlatforms) = preSolution
		Debug|Any CPU = Debug|Any CPU
		Release|Any CPU = Release|Any CPU
	EndGlobalSection
	GlobalSection(ProjectConfigurationPlatforms) = postSolution
		{1834BBE7-FF59-4150-8F74-3F6FED04FDF0}.Debug|Any CPU.ActiveCfg = Debug|Any CPU
		{1834BBE7-FF59-4150-8F74-3F6FED04FDF0}.Debug|Any CPU.Build.0 = Debug|Any CPU
		{1834BBE7-FF59-4150-8F74-3F6FED04FDF0}.Release|Any CPU.ActiveCfg = Release|Any CPU
		{1834BBE7-FF59-4150-8F74-3F6FED04FDF0}.Release|Any CPU.Build.0 = Release|Any CPU
		{6D8ADE41-9507-40DD-ADB1-A0E3659153DA}.Debug|Any CPU.ActiveCfg = Debug|Any CPU
		{6D8ADE41-9507-40DD-ADB1-A0E3659153DA}.Debug|Any CPU.Build.0 = Debug|Any CPU
		{6D8ADE41-9507-40DD-ADB1-A0E3659153DA}.Release|Any CPU.ActiveCfg = Release|Any CPU
		{6D8ADE41-9507-40DD-ADB1-A0E3659153DA}.Release|Any CPU.Build.0 = Release|Any CPU
		{14228536-F7E5-4096-A6EB-003535FC3F1B}.Debug|Any CPU.ActiveCfg = Debug|Any CPU
		{14228536-F7E5-4096-A6EB-003535FC3F1B}.Debug|Any CPU.Build.0 = Debug|Any CPU
		{14228536-F7E5-4096-A6EB-003535FC3F1B}.Release|Any CPU.ActiveCfg = Release|Any CPU
		{14228536-F7E5-4096-A6EB-003535FC3F1B}.Release|Any CPU.Build.0 = Release|Any CPU
		{B8BD36E2-3147-4D1E-97A7-E3842E807A9F}.Debug|Any CPU.ActiveCfg = Debug|Any CPU
		{B8BD36E2-3147-4D1E-97A7-E3842E807A9F}.Debug|Any CPU.Build.0 = Debug|Any CPU
		{B8BD36E2-3147-4D1E-97A7-E3842E807A9F}.Release|Any CPU.ActiveCfg = Release|Any CPU
		{B8BD36E2-3147-4D1E-97A7-E3842E807A9F}.Release|Any CPU.Build.0 = Release|Any CPU
	EndGlobalSection
	GlobalSection(SolutionProperties) = preSolution
		HideSolutionNode = FALSE
	EndGlobalSection
	GlobalSection(ExtensibilityGlobals) = postSolution
		SolutionGuid = {45C4D017-3AFB-4F7D-9EA3-0DB40CD129D0}
	EndGlobalSection
EndGlobal
